// !$*UTF8*$!
{
	archiveVersion = 1;
	classes = {
	};
	objectVersion = 56;
	objects = {

/* Begin PBXBuildFile section */
		8315C5CA2BB1585500A8BB4A /* AuthFeature.swift in Sources */ = {isa = PBXBuildFile; fileRef = 8315C5C92BB1585500A8BB4A /* AuthFeature.swift */; };
		8315C5CC2BB1588700A8BB4A /* AuthView.swift in Sources */ = {isa = PBXBuildFile; fileRef = 8315C5CB2BB1588700A8BB4A /* AuthView.swift */; };
		8315C5CF2BB15C8E00A8BB4A /* CustomTextFieldStyle.swift in Sources */ = {isa = PBXBuildFile; fileRef = 8315C5CE2BB15C8E00A8BB4A /* CustomTextFieldStyle.swift */; };
		8315C5D12BB15FEF00A8BB4A /* CustomTextField.swift in Sources */ = {isa = PBXBuildFile; fileRef = 8315C5D02BB15FEF00A8BB4A /* CustomTextField.swift */; };
		83977D532BAD8918005E82AB /* OnlineShopApp.swift in Sources */ = {isa = PBXBuildFile; fileRef = 83977D522BAD8918005E82AB /* OnlineShopApp.swift */; };
		83977D572BAD891F005E82AB /* Assets.xcassets in Resources */ = {isa = PBXBuildFile; fileRef = 83977D562BAD891F005E82AB /* Assets.xcassets */; };
		83977D5A2BAD891F005E82AB /* Preview Assets.xcassets in Resources */ = {isa = PBXBuildFile; fileRef = 83977D592BAD891F005E82AB /* Preview Assets.xcassets */; };
		83977D692BAD90B9005E82AB /* RegistrationView.swift in Sources */ = {isa = PBXBuildFile; fileRef = 83977D682BAD90B9005E82AB /* RegistrationView.swift */; };
		83977D6B2BAD90C7005E82AB /* RegistrationFeature.swift in Sources */ = {isa = PBXBuildFile; fileRef = 83977D6A2BAD90C7005E82AB /* RegistrationFeature.swift */; };
		83977D6E2BAD91A8005E82AB /* ComposableArchitecture in Frameworks */ = {isa = PBXBuildFile; productRef = 83977D6D2BAD91A8005E82AB /* ComposableArchitecture */; };
		83977D712BAD922E005E82AB /* StartScreenView.swift in Sources */ = {isa = PBXBuildFile; fileRef = 83977D702BAD922E005E82AB /* StartScreenView.swift */; };
		83977D732BAD923C005E82AB /* StartScreenFeature.swift in Sources */ = {isa = PBXBuildFile; fileRef = 83977D722BAD923C005E82AB /* StartScreenFeature.swift */; };
		83977D752BAD9736005E82AB /* AppFeature.swift in Sources */ = {isa = PBXBuildFile; fileRef = 83977D742BAD9736005E82AB /* AppFeature.swift */; };
		83B5E5012BB201870035A4C9 /* SignInRequest.swift in Sources */ = {isa = PBXBuildFile; fileRef = 83B5E5002BB201870035A4C9 /* SignInRequest.swift */; };
		83DBC7D62BB1C02A00071433 /* CustomButton.swift in Sources */ = {isa = PBXBuildFile; fileRef = 83DBC7D52BB1C02A00071433 /* CustomButton.swift */; };
		83DBC7DA2BB1DD2500071433 /* NetworkClient.swift in Sources */ = {isa = PBXBuildFile; fileRef = 83DBC7D92BB1DD2500071433 /* NetworkClient.swift */; };
		83DBC7DD2BB1DD7100071433 /* SignUpRequest.swift in Sources */ = {isa = PBXBuildFile; fileRef = 83DBC7DC2BB1DD7100071433 /* SignUpRequest.swift */; };
		83EFBFB92BB2AB5100EA4556 /* MainView.swift in Sources */ = {isa = PBXBuildFile; fileRef = 83EFBFB82BB2AB5100EA4556 /* MainView.swift */; };
		83EFBFBB2BB2AB5F00EA4556 /* MainFeature.swift in Sources */ = {isa = PBXBuildFile; fileRef = 83EFBFBA2BB2AB5F00EA4556 /* MainFeature.swift */; };
/* End PBXBuildFile section */

/* Begin PBXFileReference section */
		8315C5C92BB1585500A8BB4A /* AuthFeature.swift */ = {isa = PBXFileReference; lastKnownFileType = sourcecode.swift; path = AuthFeature.swift; sourceTree = "<group>"; };
		8315C5CB2BB1588700A8BB4A /* AuthView.swift */ = {isa = PBXFileReference; lastKnownFileType = sourcecode.swift; path = AuthView.swift; sourceTree = "<group>"; };
		8315C5CE2BB15C8E00A8BB4A /* CustomTextFieldStyle.swift */ = {isa = PBXFileReference; lastKnownFileType = sourcecode.swift; path = CustomTextFieldStyle.swift; sourceTree = "<group>"; };
		8315C5D02BB15FEF00A8BB4A /* CustomTextField.swift */ = {isa = PBXFileReference; lastKnownFileType = sourcecode.swift; path = CustomTextField.swift; sourceTree = "<group>"; };
		83977D4F2BAD8918005E82AB /* OnlineShop.app */ = {isa = PBXFileReference; explicitFileType = wrapper.application; includeInIndex = 0; path = OnlineShop.app; sourceTree = BUILT_PRODUCTS_DIR; };
		83977D522BAD8918005E82AB /* OnlineShopApp.swift */ = {isa = PBXFileReference; lastKnownFileType = sourcecode.swift; path = OnlineShopApp.swift; sourceTree = "<group>"; };
		83977D562BAD891F005E82AB /* Assets.xcassets */ = {isa = PBXFileReference; lastKnownFileType = folder.assetcatalog; path = Assets.xcassets; sourceTree = "<group>"; };
		83977D592BAD891F005E82AB /* Preview Assets.xcassets */ = {isa = PBXFileReference; lastKnownFileType = folder.assetcatalog; path = "Preview Assets.xcassets"; sourceTree = "<group>"; };
		83977D682BAD90B9005E82AB /* RegistrationView.swift */ = {isa = PBXFileReference; lastKnownFileType = sourcecode.swift; path = RegistrationView.swift; sourceTree = "<group>"; };
		83977D6A2BAD90C7005E82AB /* RegistrationFeature.swift */ = {isa = PBXFileReference; lastKnownFileType = sourcecode.swift; path = RegistrationFeature.swift; sourceTree = "<group>"; };
		83977D702BAD922E005E82AB /* StartScreenView.swift */ = {isa = PBXFileReference; lastKnownFileType = sourcecode.swift; path = StartScreenView.swift; sourceTree = "<group>"; };
		83977D722BAD923C005E82AB /* StartScreenFeature.swift */ = {isa = PBXFileReference; lastKnownFileType = sourcecode.swift; path = StartScreenFeature.swift; sourceTree = "<group>"; };
		83977D742BAD9736005E82AB /* AppFeature.swift */ = {isa = PBXFileReference; lastKnownFileType = sourcecode.swift; path = AppFeature.swift; sourceTree = "<group>"; };
		83B5E5002BB201870035A4C9 /* SignInRequest.swift */ = {isa = PBXFileReference; lastKnownFileType = sourcecode.swift; path = SignInRequest.swift; sourceTree = "<group>"; };
		83DBC7D52BB1C02A00071433 /* CustomButton.swift */ = {isa = PBXFileReference; lastKnownFileType = sourcecode.swift; path = CustomButton.swift; sourceTree = "<group>"; };
		83DBC7D92BB1DD2500071433 /* NetworkClient.swift */ = {isa = PBXFileReference; lastKnownFileType = sourcecode.swift; path = NetworkClient.swift; sourceTree = "<group>"; };
		83DBC7DC2BB1DD7100071433 /* SignUpRequest.swift */ = {isa = PBXFileReference; lastKnownFileType = sourcecode.swift; path = SignUpRequest.swift; sourceTree = "<group>"; };
		83EFBFB82BB2AB5100EA4556 /* MainView.swift */ = {isa = PBXFileReference; lastKnownFileType = sourcecode.swift; path = MainView.swift; sourceTree = "<group>"; };
		83EFBFBA2BB2AB5F00EA4556 /* MainFeature.swift */ = {isa = PBXFileReference; lastKnownFileType = sourcecode.swift; path = MainFeature.swift; sourceTree = "<group>"; };
/* End PBXFileReference section */

/* Begin PBXFrameworksBuildPhase section */
		83977D4C2BAD8918005E82AB /* Frameworks */ = {
			isa = PBXFrameworksBuildPhase;
			buildActionMask = 2147483647;
			files = (
				83977D6E2BAD91A8005E82AB /* ComposableArchitecture in Frameworks */,
			);
			runOnlyForDeploymentPostprocessing = 0;
		};
/* End PBXFrameworksBuildPhase section */

/* Begin PBXGroup section */
		8315C5CD2BB15C7800A8BB4A /* Components */ = {
			isa = PBXGroup;
			children = (
				83DBC7D42BB1C01300071433 /* Buttons */,
				83DBC7D32BB1BFFF00071433 /* TextFields */,
			);
			path = Components;
			sourceTree = "<group>";
		};
		83977D462BAD8918005E82AB = {
			isa = PBXGroup;
			children = (
				83977D512BAD8918005E82AB /* OnlineShop */,
				83977D502BAD8918005E82AB /* Products */,
			);
			sourceTree = "<group>";
		};
		83977D502BAD8918005E82AB /* Products */ = {
			isa = PBXGroup;
			children = (
				83977D4F2BAD8918005E82AB /* OnlineShop.app */,
			);
			name = Products;
			sourceTree = "<group>";
		};
		83977D512BAD8918005E82AB /* OnlineShop */ = {
			isa = PBXGroup;
			children = (
				83DBC7DB2BB1DD6000071433 /* Models */,
				83DBC7D72BB1DD0E00071433 /* Services */,
				83977D632BAD9029005E82AB /* Modules */,
				83977D622BAD8A74005E82AB /* Flow */,
				83977D612BAD8955005E82AB /* Resources */,
				8315C5CD2BB15C7800A8BB4A /* Components */,
				83977D602BAD894F005E82AB /* App */,
				83977D562BAD891F005E82AB /* Assets.xcassets */,
				83977D582BAD891F005E82AB /* Preview Content */,
			);
			path = OnlineShop;
			sourceTree = "<group>";
		};
		83977D582BAD891F005E82AB /* Preview Content */ = {
			isa = PBXGroup;
			children = (
				83977D592BAD891F005E82AB /* Preview Assets.xcassets */,
			);
			path = "Preview Content";
			sourceTree = "<group>";
		};
		83977D602BAD894F005E82AB /* App */ = {
			isa = PBXGroup;
			children = (
				83977D522BAD8918005E82AB /* OnlineShopApp.swift */,
				83977D742BAD9736005E82AB /* AppFeature.swift */,
			);
			path = App;
			sourceTree = "<group>";
		};
		83977D612BAD8955005E82AB /* Resources */ = {
			isa = PBXGroup;
			children = (
			);
			path = Resources;
			sourceTree = "<group>";
		};
		83977D622BAD8A74005E82AB /* Flow */ = {
			isa = PBXGroup;
			children = (
			);
			path = Flow;
			sourceTree = "<group>";
		};
		83977D632BAD9029005E82AB /* Modules */ = {
			isa = PBXGroup;
			children = (
				83977D652BAD904F005E82AB /* PublicZone */,
				83977D642BAD9047005E82AB /* PrivateZone */,
			);
			path = Modules;
			sourceTree = "<group>";
		};
		83977D642BAD9047005E82AB /* PrivateZone */ = {
			isa = PBXGroup;
			children = (
				83EFBFB82BB2AB5100EA4556 /* MainView.swift */,
				83EFBFBA2BB2AB5F00EA4556 /* MainFeature.swift */,
			);
			path = PrivateZone;
			sourceTree = "<group>";
		};
		83977D652BAD904F005E82AB /* PublicZone */ = {
			isa = PBXGroup;
			children = (
				83977D6F2BAD9211005E82AB /* StartScreen */,
				83977D672BAD9069005E82AB /* AuthScreen */,
				83977D662BAD905D005E82AB /* RegScreen */,
			);
			path = PublicZone;
			sourceTree = "<group>";
		};
		83977D662BAD905D005E82AB /* RegScreen */ = {
			isa = PBXGroup;
			children = (
				83977D682BAD90B9005E82AB /* RegistrationView.swift */,
				83977D6A2BAD90C7005E82AB /* RegistrationFeature.swift */,
			);
			path = RegScreen;
			sourceTree = "<group>";
		};
		83977D672BAD9069005E82AB /* AuthScreen */ = {
			isa = PBXGroup;
			children = (
				8315C5C92BB1585500A8BB4A /* AuthFeature.swift */,
				8315C5CB2BB1588700A8BB4A /* AuthView.swift */,
			);
			path = AuthScreen;
			sourceTree = "<group>";
		};
		83977D6F2BAD9211005E82AB /* StartScreen */ = {
			isa = PBXGroup;
			children = (
				83977D702BAD922E005E82AB /* StartScreenView.swift */,
				83977D722BAD923C005E82AB /* StartScreenFeature.swift */,
			);
			path = StartScreen;
			sourceTree = "<group>";
		};
		83DBC7D32BB1BFFF00071433 /* TextFields */ = {
			isa = PBXGroup;
			children = (
				8315C5CE2BB15C8E00A8BB4A /* CustomTextFieldStyle.swift */,
				8315C5D02BB15FEF00A8BB4A /* CustomTextField.swift */,
			);
			path = TextFields;
			sourceTree = "<group>";
		};
		83DBC7D42BB1C01300071433 /* Buttons */ = {
			isa = PBXGroup;
			children = (
				83DBC7D52BB1C02A00071433 /* CustomButton.swift */,
			);
			path = Buttons;
			sourceTree = "<group>";
		};
		83DBC7D72BB1DD0E00071433 /* Services */ = {
			isa = PBXGroup;
			children = (
				83DBC7D82BB1DD1500071433 /* Network */,
			);
			path = Services;
			sourceTree = "<group>";
		};
		83DBC7D82BB1DD1500071433 /* Network */ = {
			isa = PBXGroup;
			children = (
				83DBC7D92BB1DD2500071433 /* NetworkClient.swift */,
			);
			path = Network;
			sourceTree = "<group>";
		};
		83DBC7DB2BB1DD6000071433 /* Models */ = {
			isa = PBXGroup;
			children = (
				83DBC7DC2BB1DD7100071433 /* SignUpRequest.swift */,
				83B5E5002BB201870035A4C9 /* SignInRequest.swift */,
			);
			path = Models;
			sourceTree = "<group>";
		};
/* End PBXGroup section */

/* Begin PBXNativeTarget section */
		83977D4E2BAD8918005E82AB /* OnlineShop */ = {
			isa = PBXNativeTarget;
			buildConfigurationList = 83977D5D2BAD891F005E82AB /* Build configuration list for PBXNativeTarget "OnlineShop" */;
			buildPhases = (
				83977D4B2BAD8918005E82AB /* Sources */,
				83977D4C2BAD8918005E82AB /* Frameworks */,
				83977D4D2BAD8918005E82AB /* Resources */,
			);
			buildRules = (
			);
			dependencies = (
			);
			name = OnlineShop;
			packageProductDependencies = (
				83977D6D2BAD91A8005E82AB /* ComposableArchitecture */,
			);
			productName = OnlineShop;
			productReference = 83977D4F2BAD8918005E82AB /* OnlineShop.app */;
			productType = "com.apple.product-type.application";
		};
/* End PBXNativeTarget section */

/* Begin PBXProject section */
		83977D472BAD8918005E82AB /* Project object */ = {
			isa = PBXProject;
			attributes = {
				BuildIndependentTargetsInParallel = 1;
				LastSwiftUpdateCheck = 1500;
				LastUpgradeCheck = 1500;
				TargetAttributes = {
					83977D4E2BAD8918005E82AB = {
						CreatedOnToolsVersion = 15.0.1;
					};
				};
			};
			buildConfigurationList = 83977D4A2BAD8918005E82AB /* Build configuration list for PBXProject "OnlineShop" */;
			compatibilityVersion = "Xcode 14.0";
			developmentRegion = en;
			hasScannedForEncodings = 0;
			knownRegions = (
				en,
				Base,
			);
			mainGroup = 83977D462BAD8918005E82AB;
			packageReferences = (
				83977D6C2BAD91A8005E82AB /* XCRemoteSwiftPackageReference "swift-composable-architecture" */,
			);
			productRefGroup = 83977D502BAD8918005E82AB /* Products */;
			projectDirPath = "";
			projectRoot = "";
			targets = (
				83977D4E2BAD8918005E82AB /* OnlineShop */,
			);
		};
/* End PBXProject section */

/* Begin PBXResourcesBuildPhase section */
		83977D4D2BAD8918005E82AB /* Resources */ = {
			isa = PBXResourcesBuildPhase;
			buildActionMask = 2147483647;
			files = (
				83977D5A2BAD891F005E82AB /* Preview Assets.xcassets in Resources */,
				83977D572BAD891F005E82AB /* Assets.xcassets in Resources */,
			);
			runOnlyForDeploymentPostprocessing = 0;
		};
/* End PBXResourcesBuildPhase section */

/* Begin PBXSourcesBuildPhase section */
		83977D4B2BAD8918005E82AB /* Sources */ = {
			isa = PBXSourcesBuildPhase;
			buildActionMask = 2147483647;
			files = (
				83977D692BAD90B9005E82AB /* RegistrationView.swift in Sources */,
				83B5E5012BB201870035A4C9 /* SignInRequest.swift in Sources */,
				8315C5D12BB15FEF00A8BB4A /* CustomTextField.swift in Sources */,
				83977D732BAD923C005E82AB /* StartScreenFeature.swift in Sources */,
				8315C5CA2BB1585500A8BB4A /* AuthFeature.swift in Sources */,
				8315C5CF2BB15C8E00A8BB4A /* CustomTextFieldStyle.swift in Sources */,
				83977D532BAD8918005E82AB /* OnlineShopApp.swift in Sources */,
				83977D6B2BAD90C7005E82AB /* RegistrationFeature.swift in Sources */,
				83DBC7DA2BB1DD2500071433 /* NetworkClient.swift in Sources */,
				83DBC7DD2BB1DD7100071433 /* SignUpRequest.swift in Sources */,
				83DBC7D62BB1C02A00071433 /* CustomButton.swift in Sources */,
				83977D752BAD9736005E82AB /* AppFeature.swift in Sources */,
				83977D712BAD922E005E82AB /* StartScreenView.swift in Sources */,
				83EFBFBB2BB2AB5F00EA4556 /* MainFeature.swift in Sources */,
				83EFBFB92BB2AB5100EA4556 /* MainView.swift in Sources */,
				8315C5CC2BB1588700A8BB4A /* AuthView.swift in Sources */,
			);
			runOnlyForDeploymentPostprocessing = 0;
		};
/* End PBXSourcesBuildPhase section */

/* Begin XCBuildConfiguration section */
		83977D5B2BAD891F005E82AB /* Debug */ = {
			isa = XCBuildConfiguration;
			buildSettings = {
				ALWAYS_SEARCH_USER_PATHS = NO;
				ASSETCATALOG_COMPILER_GENERATE_SWIFT_ASSET_SYMBOL_EXTENSIONS = YES;
				CLANG_ANALYZER_NONNULL = YES;
				CLANG_ANALYZER_NUMBER_OBJECT_CONVERSION = YES_AGGRESSIVE;
				CLANG_CXX_LANGUAGE_STANDARD = "gnu++20";
				CLANG_ENABLE_MODULES = YES;
				CLANG_ENABLE_OBJC_ARC = YES;
				CLANG_ENABLE_OBJC_WEAK = YES;
				CLANG_WARN_BLOCK_CAPTURE_AUTORELEASING = YES;
				CLANG_WARN_BOOL_CONVERSION = YES;
				CLANG_WARN_COMMA = YES;
				CLANG_WARN_CONSTANT_CONVERSION = YES;
				CLANG_WARN_DEPRECATED_OBJC_IMPLEMENTATIONS = YES;
				CLANG_WARN_DIRECT_OBJC_ISA_USAGE = YES_ERROR;
				CLANG_WARN_DOCUMENTATION_COMMENTS = YES;
				CLANG_WARN_EMPTY_BODY = YES;
				CLANG_WARN_ENUM_CONVERSION = YES;
				CLANG_WARN_INFINITE_RECURSION = YES;
				CLANG_WARN_INT_CONVERSION = YES;
				CLANG_WARN_NON_LITERAL_NULL_CONVERSION = YES;
				CLANG_WARN_OBJC_IMPLICIT_RETAIN_SELF = YES;
				CLANG_WARN_OBJC_LITERAL_CONVERSION = YES;
				CLANG_WARN_OBJC_ROOT_CLASS = YES_ERROR;
				CLANG_WARN_QUOTED_INCLUDE_IN_FRAMEWORK_HEADER = YES;
				CLANG_WARN_RANGE_LOOP_ANALYSIS = YES;
				CLANG_WARN_STRICT_PROTOTYPES = YES;
				CLANG_WARN_SUSPICIOUS_MOVE = YES;
				CLANG_WARN_UNGUARDED_AVAILABILITY = YES_AGGRESSIVE;
				CLANG_WARN_UNREACHABLE_CODE = YES;
				CLANG_WARN__DUPLICATE_METHOD_MATCH = YES;
				COPY_PHASE_STRIP = NO;
				DEBUG_INFORMATION_FORMAT = dwarf;
				ENABLE_STRICT_OBJC_MSGSEND = YES;
				ENABLE_TESTABILITY = YES;
				ENABLE_USER_SCRIPT_SANDBOXING = YES;
				GCC_C_LANGUAGE_STANDARD = gnu17;
				GCC_DYNAMIC_NO_PIC = NO;
				GCC_NO_COMMON_BLOCKS = YES;
				GCC_OPTIMIZATION_LEVEL = 0;
				GCC_PREPROCESSOR_DEFINITIONS = (
					"DEBUG=1",
					"$(inherited)",
				);
				GCC_WARN_64_TO_32_BIT_CONVERSION = YES;
				GCC_WARN_ABOUT_RETURN_TYPE = YES_ERROR;
				GCC_WARN_UNDECLARED_SELECTOR = YES;
				GCC_WARN_UNINITIALIZED_AUTOS = YES_AGGRESSIVE;
				GCC_WARN_UNUSED_FUNCTION = YES;
				GCC_WARN_UNUSED_VARIABLE = YES;
				IPHONEOS_DEPLOYMENT_TARGET = 17.0;
				LOCALIZATION_PREFERS_STRING_CATALOGS = YES;
				MTL_ENABLE_DEBUG_INFO = INCLUDE_SOURCE;
				MTL_FAST_MATH = YES;
				ONLY_ACTIVE_ARCH = YES;
				SDKROOT = iphoneos;
				SWIFT_ACTIVE_COMPILATION_CONDITIONS = "DEBUG $(inherited)";
				SWIFT_OPTIMIZATION_LEVEL = "-Onone";
			};
			name = Debug;
		};
		83977D5C2BAD891F005E82AB /* Release */ = {
			isa = XCBuildConfiguration;
			buildSettings = {
				ALWAYS_SEARCH_USER_PATHS = NO;
				ASSETCATALOG_COMPILER_GENERATE_SWIFT_ASSET_SYMBOL_EXTENSIONS = YES;
				CLANG_ANALYZER_NONNULL = YES;
				CLANG_ANALYZER_NUMBER_OBJECT_CONVERSION = YES_AGGRESSIVE;
				CLANG_CXX_LANGUAGE_STANDARD = "gnu++20";
				CLANG_ENABLE_MODULES = YES;
				CLANG_ENABLE_OBJC_ARC = YES;
				CLANG_ENABLE_OBJC_WEAK = YES;
				CLANG_WARN_BLOCK_CAPTURE_AUTORELEASING = YES;
				CLANG_WARN_BOOL_CONVERSION = YES;
				CLANG_WARN_COMMA = YES;
				CLANG_WARN_CONSTANT_CONVERSION = YES;
				CLANG_WARN_DEPRECATED_OBJC_IMPLEMENTATIONS = YES;
				CLANG_WARN_DIRECT_OBJC_ISA_USAGE = YES_ERROR;
				CLANG_WARN_DOCUMENTATION_COMMENTS = YES;
				CLANG_WARN_EMPTY_BODY = YES;
				CLANG_WARN_ENUM_CONVERSION = YES;
				CLANG_WARN_INFINITE_RECURSION = YES;
				CLANG_WARN_INT_CONVERSION = YES;
				CLANG_WARN_NON_LITERAL_NULL_CONVERSION = YES;
				CLANG_WARN_OBJC_IMPLICIT_RETAIN_SELF = YES;
				CLANG_WARN_OBJC_LITERAL_CONVERSION = YES;
				CLANG_WARN_OBJC_ROOT_CLASS = YES_ERROR;
				CLANG_WARN_QUOTED_INCLUDE_IN_FRAMEWORK_HEADER = YES;
				CLANG_WARN_RANGE_LOOP_ANALYSIS = YES;
				CLANG_WARN_STRICT_PROTOTYPES = YES;
				CLANG_WARN_SUSPICIOUS_MOVE = YES;
				CLANG_WARN_UNGUARDED_AVAILABILITY = YES_AGGRESSIVE;
				CLANG_WARN_UNREACHABLE_CODE = YES;
				CLANG_WARN__DUPLICATE_METHOD_MATCH = YES;
				COPY_PHASE_STRIP = NO;
				DEBUG_INFORMATION_FORMAT = "dwarf-with-dsym";
				ENABLE_NS_ASSERTIONS = NO;
				ENABLE_STRICT_OBJC_MSGSEND = YES;
				ENABLE_USER_SCRIPT_SANDBOXING = YES;
				GCC_C_LANGUAGE_STANDARD = gnu17;
				GCC_NO_COMMON_BLOCKS = YES;
				GCC_WARN_64_TO_32_BIT_CONVERSION = YES;
				GCC_WARN_ABOUT_RETURN_TYPE = YES_ERROR;
				GCC_WARN_UNDECLARED_SELECTOR = YES;
				GCC_WARN_UNINITIALIZED_AUTOS = YES_AGGRESSIVE;
				GCC_WARN_UNUSED_FUNCTION = YES;
				GCC_WARN_UNUSED_VARIABLE = YES;
				IPHONEOS_DEPLOYMENT_TARGET = 17.0;
				LOCALIZATION_PREFERS_STRING_CATALOGS = YES;
				MTL_ENABLE_DEBUG_INFO = NO;
				MTL_FAST_MATH = YES;
				SDKROOT = iphoneos;
				SWIFT_COMPILATION_MODE = wholemodule;
				VALIDATE_PRODUCT = YES;
			};
			name = Release;
		};
		83977D5E2BAD891F005E82AB /* Debug */ = {
			isa = XCBuildConfiguration;
			buildSettings = {
				ASSETCATALOG_COMPILER_APPICON_NAME = AppIcon;
				ASSETCATALOG_COMPILER_GLOBAL_ACCENT_COLOR_NAME = AccentColor;
				CODE_SIGN_STYLE = Automatic;
				CURRENT_PROJECT_VERSION = 1;
				DEVELOPMENT_ASSET_PATHS = "\"OnlineShop/Preview Content\"";
				DEVELOPMENT_TEAM = GAQGZ3FW7B;
				ENABLE_PREVIEWS = YES;
				GENERATE_INFOPLIST_FILE = YES;
				INFOPLIST_KEY_UIApplicationSceneManifest_Generation = YES;
				INFOPLIST_KEY_UIApplicationSupportsIndirectInputEvents = YES;
				INFOPLIST_KEY_UILaunchScreen_Generation = YES;
				INFOPLIST_KEY_UISupportedInterfaceOrientations_iPad = "UIInterfaceOrientationPortrait UIInterfaceOrientationPortraitUpsideDown UIInterfaceOrientationLandscapeLeft UIInterfaceOrientationLandscapeRight";
				INFOPLIST_KEY_UISupportedInterfaceOrientations_iPhone = "UIInterfaceOrientationPortrait UIInterfaceOrientationLandscapeLeft UIInterfaceOrientationLandscapeRight";
				LD_RUNPATH_SEARCH_PATHS = (
					"$(inherited)",
					"@executable_path/Frameworks",
				);
				MARKETING_VERSION = 1.0;
				PRODUCT_BUNDLE_IDENTIFIER = DV.OnlineShop;
				PRODUCT_NAME = "$(TARGET_NAME)";
				SWIFT_EMIT_LOC_STRINGS = YES;
				SWIFT_VERSION = 5.0;
				TARGETED_DEVICE_FAMILY = "1,2";
			};
			name = Debug;
		};
		83977D5F2BAD891F005E82AB /* Release */ = {
			isa = XCBuildConfiguration;
			buildSettings = {
				ASSETCATALOG_COMPILER_APPICON_NAME = AppIcon;
				ASSETCATALOG_COMPILER_GLOBAL_ACCENT_COLOR_NAME = AccentColor;
				CODE_SIGN_STYLE = Automatic;
				CURRENT_PROJECT_VERSION = 1;
				DEVELOPMENT_ASSET_PATHS = "\"OnlineShop/Preview Content\"";
				DEVELOPMENT_TEAM = GAQGZ3FW7B;
				ENABLE_PREVIEWS = YES;
				GENERATE_INFOPLIST_FILE = YES;
				INFOPLIST_KEY_UIApplicationSceneManifest_Generation = YES;
				INFOPLIST_KEY_UIApplicationSupportsIndirectInputEvents = YES;
				INFOPLIST_KEY_UILaunchScreen_Generation = YES;
				INFOPLIST_KEY_UISupportedInterfaceOrientations_iPad = "UIInterfaceOrientationPortrait UIInterfaceOrientationPortraitUpsideDown UIInterfaceOrientationLandscapeLeft UIInterfaceOrientationLandscapeRight";
				INFOPLIST_KEY_UISupportedInterfaceOrientations_iPhone = "UIInterfaceOrientationPortrait UIInterfaceOrientationLandscapeLeft UIInterfaceOrientationLandscapeRight";
				LD_RUNPATH_SEARCH_PATHS = (
					"$(inherited)",
					"@executable_path/Frameworks",
				);
				MARKETING_VERSION = 1.0;
				PRODUCT_BUNDLE_IDENTIFIER = DV.OnlineShop;
				PRODUCT_NAME = "$(TARGET_NAME)";
				SWIFT_EMIT_LOC_STRINGS = YES;
				SWIFT_VERSION = 5.0;
				TARGETED_DEVICE_FAMILY = "1,2";
			};
			name = Release;
		};
/* End XCBuildConfiguration section */

/* Begin XCConfigurationList section */
		83977D4A2BAD8918005E82AB /* Build configuration list for PBXProject "OnlineShop" */ = {
			isa = XCConfigurationList;
			buildConfigurations = (
				83977D5B2BAD891F005E82AB /* Debug */,
				83977D5C2BAD891F005E82AB /* Release */,
			);
			defaultConfigurationIsVisible = 0;
			defaultConfigurationName = Release;
		};
		83977D5D2BAD891F005E82AB /* Build configuration list for PBXNativeTarget "OnlineShop" */ = {
			isa = XCConfigurationList;
			buildConfigurations = (
				83977D5E2BAD891F005E82AB /* Debug */,
				83977D5F2BAD891F005E82AB /* Release */,
			);
			defaultConfigurationIsVisible = 0;
			defaultConfigurationName = Release;
		};
/* End XCConfigurationList section */

/* Begin XCRemoteSwiftPackageReference section */
		83977D6C2BAD91A8005E82AB /* XCRemoteSwiftPackageReference "swift-composable-architecture" */ = {
			isa = XCRemoteSwiftPackageReference;
			repositoryURL = "https://github.com/pointfreeco/swift-composable-architecture";
			requirement = {
				kind = upToNextMajorVersion;
				minimumVersion = 1.9.2;
			};
		};
/* End XCRemoteSwiftPackageReference section */

/* Begin XCSwiftPackageProductDependency section */
		83977D6D2BAD91A8005E82AB /* ComposableArchitecture */ = {
			isa = XCSwiftPackageProductDependency;
			package = 83977D6C2BAD91A8005E82AB /* XCRemoteSwiftPackageReference "swift-composable-architecture" */;
			productName = ComposableArchitecture;
		};
/* End XCSwiftPackageProductDependency section */
	};
	rootObject = 83977D472BAD8918005E82AB /* Project object */;
}
